
Microsoft Visual Studio Solution File, Format Version 12.00
# Visual Studio Version 16
VisualStudioVersion = 16.0.31410.357
MinimumVisualStudioVersion = 10.0.40219.1
Project("{FAE04EC0-301F-11D3-BF4B-00C04F79EFBC}") = "ResumePage", "ResumePage\ResumePage.csproj", "{117C1A43-798B-441F-AD0A-8913F30A132E}"
EndProject
Global
	GlobalSection(SolutionConfigurationPlatforms) = preSolution
		Debug|Any CPU = Debug|Any CPU
		Release|Any CPU = Release|Any CPU
	EndGlobalSection
	GlobalSection(ProjectConfigurationPlatforms) = postSolution
		{117C1A43-798B-441F-AD0A-8913F30A132E}.Debug|Any CPU.ActiveCfg = Debug|Any CPU
		{117C1A43-798B-441F-AD0A-8913F30A132E}.Debug|Any CPU.Build.0 = Debug|Any CPU
		{117C1A43-798B-441F-AD0A-8913F30A132E}.Release|Any CPU.ActiveCfg = Release|Any CPU
		{117C1A43-798B-441F-AD0A-8913F30A132E}.Release|Any CPU.Build.0 = Release|Any CPU
	EndGlobalSection
	GlobalSection(SolutionProperties) = preSolution
		HideSolutionNode = FALSE
	EndGlobalSection
	GlobalSection(ExtensibilityGlobals) = postSolution
		SolutionGuid = {48753FEE-C071-4D22-9604-A1F3BBB943A5}
	EndGlobalSection
EndGlobal
